// !$*UTF8*$!
{
	archiveVersion = 1;
	classes = {
	};
	objectVersion = 46;
	objects = {

/* Begin PBXBuildFile section */
		065B901916848C720072FCD2 /* UIKit.framework in Frameworks */ = {isa = PBXBuildFile; fileRef = 065B901816848C720072FCD2 /* UIKit.framework */; };
		065B901B16848C720072FCD2 /* Foundation.framework in Frameworks */ = {isa = PBXBuildFile; fileRef = 065B901A16848C720072FCD2 /* Foundation.framework */; };
		065B901D16848C720072FCD2 /* CoreGraphics.framework in Frameworks */ = {isa = PBXBuildFile; fileRef = 065B901C16848C720072FCD2 /* CoreGraphics.framework */; };
		065B902316848C720072FCD2 /* InfoPlist.strings in Resources */ = {isa = PBXBuildFile; fileRef = 065B902116848C720072FCD2 /* InfoPlist.strings */; };
		065B902516848C720072FCD2 /* main.m in Sources */ = {isa = PBXBuildFile; fileRef = 065B902416848C720072FCD2 /* main.m */; };
		065B902916848C720072FCD2 /* AppDelegate.m in Sources */ = {isa = PBXBuildFile; fileRef = 065B902816848C720072FCD2 /* AppDelegate.m */; };
		065B902B16848C720072FCD2 /* Default.png in Resources */ = {isa = PBXBuildFile; fileRef = 065B902A16848C720072FCD2 /* Default.png */; };
		065B902D16848C720072FCD2 /* Default@2x.png in Resources */ = {isa = PBXBuildFile; fileRef = 065B902C16848C720072FCD2 /* Default@2x.png */; };
		065B902F16848C720072FCD2 /* Default-568h@2x.png in Resources */ = {isa = PBXBuildFile; fileRef = 065B902E16848C720072FCD2 /* Default-568h@2x.png */; };
		065B903E16848D3E0072FCD2 /* CoreFoundation.framework in Frameworks */ = {isa = PBXBuildFile; fileRef = 065B903D16848D3E0072FCD2 /* CoreFoundation.framework */; };
		065B904816848D3F0072FCD2 /* UnitTests.h in Headers */ = {isa = PBXBuildFile; fileRef = 065B904716848D3F0072FCD2 /* UnitTests.h */; };
		065B904B16848D3F0072FCD2 /* UnitTests.cp in Sources */ = {isa = PBXBuildFile; fileRef = 065B904A16848D3F0072FCD2 /* UnitTests.cp */; };
		065B90B31684917F0072FCD2 /* GeometryTest.cpp in Sources */ = {isa = PBXBuildFile; fileRef = 065B90B11684917F0072FCD2 /* GeometryTest.cpp */; };
		065B90B41684917F0072FCD2 /* TimeTest.cpp in Sources */ = {isa = PBXBuildFile; fileRef = 065B90B21684917F0072FCD2 /* TimeTest.cpp */; };
		065B90BA168491B50072FCD2 /* Foundation.framework in Frameworks */ = {isa = PBXBuildFile; fileRef = 065B901A16848C720072FCD2 /* Foundation.framework */; };
		065B90BF168491B60072FCD2 /* mvcgraphics.h in CopyFiles */ = {isa = PBXBuildFile; fileRef = 065B90BE168491B60072FCD2 /* mvcgraphics.h */; };
		065B90C1168491B60072FCD2 /* mvcgraphics.m in Sources */ = {isa = PBXBuildFile; fileRef = 065B90C0168491B60072FCD2 /* mvcgraphics.m */; };
		065B90C5168491D30072FCD2 /* ActionRunner.cpp in Sources */ = {isa = PBXBuildFile; fileRef = 065B908216848DFB0072FCD2 /* ActionRunner.cpp */; };
		065B90C6168491D30072FCD2 /* EventEmitter.cpp in Sources */ = {isa = PBXBuildFile; fileRef = 065B908516848DFB0072FCD2 /* EventEmitter.cpp */; };
		065B90C7168491D30072FCD2 /* Events.cpp in Sources */ = {isa = PBXBuildFile; fileRef = 065B908716848DFB0072FCD2 /* Events.cpp */; };
		065B90C8168491D30072FCD2 /* Geometry.cpp in Sources */ = {isa = PBXBuildFile; fileRef = 065B908916848DFB0072FCD2 /* Geometry.cpp */; };
		065B90C9168491D30072FCD2 /* PlatformView.cpp in Sources */ = {isa = PBXBuildFile; fileRef = 065B909516848DFB0072FCD2 /* PlatformView.cpp */; };
		065B90CA168491D30072FCD2 /* TextureFrame.cpp in Sources */ = {isa = PBXBuildFile; fileRef = 065B909816848DFB0072FCD2 /* TextureFrame.cpp */; };
		065B90CB168491D30072FCD2 /* Time.cpp in Sources */ = {isa = PBXBuildFile; fileRef = 065B909A16848DFB0072FCD2 /* Time.cpp */; };
		065B90CC168491D30072FCD2 /* TweenAction.cpp in Sources */ = {isa = PBXBuildFile; fileRef = 065B909C16848DFB0072FCD2 /* TweenAction.cpp */; };
		065B90CD168491D30072FCD2 /* View.cpp in Sources */ = {isa = PBXBuildFile; fileRef = 065B909E16848DFB0072FCD2 /* View.cpp */; };
		065B90CE168491D30072FCD2 /* ViewController.cpp in Sources */ = {isa = PBXBuildFile; fileRef = 065B90A016848DFB0072FCD2 /* ViewController.cpp */; };
/* End PBXBuildFile section */

/* Begin PBXCopyFilesBuildPhase section */
		065B90B7168491B50072FCD2 /* CopyFiles */ = {
			isa = PBXCopyFilesBuildPhase;
			buildActionMask = 2147483647;
			dstPath = "include/${PRODUCT_NAME}";
			dstSubfolderSpec = 16;
			files = (
				065B90BF168491B60072FCD2 /* mvcgraphics.h in CopyFiles */,
			);
			runOnlyForDeploymentPostprocessing = 0;
		};
/* End PBXCopyFilesBuildPhase section */

/* Begin PBXFileReference section */
		065B901416848C720072FCD2 /* mvcgraphics.app */ = {isa = PBXFileReference; explicitFileType = wrapper.application; includeInIndex = 0; name = mvcgraphics.app; path = TestApp.app; sourceTree = BUILT_PRODUCTS_DIR; };
		065B901816848C720072FCD2 /* UIKit.framework */ = {isa = PBXFileReference; lastKnownFileType = wrapper.framework; name = UIKit.framework; path = System/Library/Frameworks/UIKit.framework; sourceTree = SDKROOT; };
		065B901A16848C720072FCD2 /* Foundation.framework */ = {isa = PBXFileReference; lastKnownFileType = wrapper.framework; name = Foundation.framework; path = System/Library/Frameworks/Foundation.framework; sourceTree = SDKROOT; };
		065B901C16848C720072FCD2 /* CoreGraphics.framework */ = {isa = PBXFileReference; lastKnownFileType = wrapper.framework; name = CoreGraphics.framework; path = System/Library/Frameworks/CoreGraphics.framework; sourceTree = SDKROOT; };
		065B902016848C720072FCD2 /* mvcgraphics-Info.plist */ = {isa = PBXFileReference; lastKnownFileType = text.plist.xml; path = "mvcgraphics-Info.plist"; sourceTree = "<group>"; };
		065B902216848C720072FCD2 /* en */ = {isa = PBXFileReference; lastKnownFileType = text.plist.strings; name = en; path = en.lproj/InfoPlist.strings; sourceTree = "<group>"; };
		065B902416848C720072FCD2 /* main.m */ = {isa = PBXFileReference; lastKnownFileType = sourcecode.c.objc; path = main.m; sourceTree = "<group>"; };
		065B902616848C720072FCD2 /* mvcgraphics-Prefix.pch */ = {isa = PBXFileReference; lastKnownFileType = sourcecode.c.h; path = "mvcgraphics-Prefix.pch"; sourceTree = "<group>"; };
		065B902716848C720072FCD2 /* AppDelegate.h */ = {isa = PBXFileReference; lastKnownFileType = sourcecode.c.h; path = AppDelegate.h; sourceTree = "<group>"; };
		065B902816848C720072FCD2 /* AppDelegate.m */ = {isa = PBXFileReference; lastKnownFileType = sourcecode.c.objc; path = AppDelegate.m; sourceTree = "<group>"; };
		065B902A16848C720072FCD2 /* Default.png */ = {isa = PBXFileReference; lastKnownFileType = image.png; path = Default.png; sourceTree = "<group>"; };
		065B902C16848C720072FCD2 /* Default@2x.png */ = {isa = PBXFileReference; lastKnownFileType = image.png; path = "Default@2x.png"; sourceTree = "<group>"; };
		065B902E16848C720072FCD2 /* Default-568h@2x.png */ = {isa = PBXFileReference; lastKnownFileType = image.png; path = "Default-568h@2x.png"; sourceTree = "<group>"; };
		065B903C16848D3E0072FCD2 /* UnitTests.bundle */ = {isa = PBXFileReference; explicitFileType = wrapper.cfbundle; includeInIndex = 0; path = UnitTests.bundle; sourceTree = BUILT_PRODUCTS_DIR; };
		065B903D16848D3E0072FCD2 /* CoreFoundation.framework */ = {isa = PBXFileReference; lastKnownFileType = wrapper.framework; name = CoreFoundation.framework; path = System/Library/Frameworks/CoreFoundation.framework; sourceTree = SDKROOT; };
		065B904116848D3E0072FCD2 /* UnitTests-Info.plist */ = {isa = PBXFileReference; lastKnownFileType = text.plist.xml; path = "UnitTests-Info.plist"; sourceTree = "<group>"; };
		065B904316848D3E0072FCD2 /* en */ = {isa = PBXFileReference; lastKnownFileType = text.plist.strings; name = en; path = en.lproj/InfoPlist.strings; sourceTree = "<group>"; };
		065B904416848D3E0072FCD2 /* UnitTests-Prefix.pch */ = {isa = PBXFileReference; lastKnownFileType = sourcecode.c.h; path = "UnitTests-Prefix.pch"; sourceTree = "<group>"; };
		065B904516848D3F0072FCD2 /* UnitTestsProj.xcconfig */ = {isa = PBXFileReference; lastKnownFileType = text.xcconfig; path = UnitTestsProj.xcconfig; sourceTree = "<group>"; };
		065B904616848D3F0072FCD2 /* UnitTestsTarget.xcconfig */ = {isa = PBXFileReference; lastKnownFileType = text.xcconfig; path = UnitTestsTarget.xcconfig; sourceTree = "<group>"; };
		065B904716848D3F0072FCD2 /* UnitTests.h */ = {isa = PBXFileReference; lastKnownFileType = sourcecode.c.h; path = UnitTests.h; sourceTree = "<group>"; };
		065B904916848D3F0072FCD2 /* UnitTestsPriv.h */ = {isa = PBXFileReference; lastKnownFileType = sourcecode.c.h; path = UnitTestsPriv.h; sourceTree = "<group>"; };
		065B904A16848D3F0072FCD2 /* UnitTests.cp */ = {isa = PBXFileReference; lastKnownFileType = sourcecode.cpp.cpp; path = UnitTests.cp; sourceTree = "<group>"; };
		065B908216848DFB0072FCD2 /* ActionRunner.cpp */ = {isa = PBXFileReference; fileEncoding = 4; lastKnownFileType = sourcecode.cpp.cpp; path = ActionRunner.cpp; sourceTree = "<group>"; };
		065B908316848DFB0072FCD2 /* ActionRunner.hpp */ = {isa = PBXFileReference; fileEncoding = 4; lastKnownFileType = sourcecode.cpp.h; path = ActionRunner.hpp; sourceTree = "<group>"; };
		065B908416848DFB0072FCD2 /* Easing.hpp */ = {isa = PBXFileReference; fileEncoding = 4; lastKnownFileType = sourcecode.cpp.h; path = Easing.hpp; sourceTree = "<group>"; };
		065B908516848DFB0072FCD2 /* EventEmitter.cpp */ = {isa = PBXFileReference; fileEncoding = 4; lastKnownFileType = sourcecode.cpp.cpp; path = EventEmitter.cpp; sourceTree = "<group>"; };
		065B908616848DFB0072FCD2 /* EventEmitter.hpp */ = {isa = PBXFileReference; fileEncoding = 4; lastKnownFileType = sourcecode.cpp.h; path = EventEmitter.hpp; sourceTree = "<group>"; };
		065B908716848DFB0072FCD2 /* Events.cpp */ = {isa = PBXFileReference; fileEncoding = 4; lastKnownFileType = sourcecode.cpp.cpp; path = Events.cpp; sourceTree = "<group>"; };
		065B908816848DFB0072FCD2 /* Events.hpp */ = {isa = PBXFileReference; fileEncoding = 4; lastKnownFileType = sourcecode.cpp.h; path = Events.hpp; sourceTree = "<group>"; };
		065B908916848DFB0072FCD2 /* Geometry.cpp */ = {isa = PBXFileReference; fileEncoding = 4; lastKnownFileType = sourcecode.cpp.cpp; path = Geometry.cpp; sourceTree = "<group>"; };
		065B908A16848DFB0072FCD2 /* Geometry.hpp */ = {isa = PBXFileReference; fileEncoding = 4; lastKnownFileType = sourcecode.cpp.h; path = Geometry.hpp; sourceTree = "<group>"; };
		065B908B16848DFB0072FCD2 /* IAction.hpp */ = {isa = PBXFileReference; fileEncoding = 4; lastKnownFileType = sourcecode.cpp.h; path = IAction.hpp; sourceTree = "<group>"; };
		065B908C16848DFB0072FCD2 /* IResponder.hpp */ = {isa = PBXFileReference; fileEncoding = 4; lastKnownFileType = sourcecode.cpp.h; path = IResponder.hpp; sourceTree = "<group>"; };
		065B908D16848DFB0072FCD2 /* ISprite.hpp */ = {isa = PBXFileReference; fileEncoding = 4; lastKnownFileType = sourcecode.cpp.h; path = ISprite.hpp; sourceTree = "<group>"; };
		065B908E16848DFB0072FCD2 /* ISpriteBatch.hpp */ = {isa = PBXFileReference; fileEncoding = 4; lastKnownFileType = sourcecode.cpp.h; path = ISpriteBatch.hpp; sourceTree = "<group>"; };
		065B908F16848DFB0072FCD2 /* ITexture.hpp */ = {isa = PBXFileReference; fileEncoding = 4; lastKnownFileType = sourcecode.cpp.h; path = ITexture.hpp; sourceTree = "<group>"; };
		065B909016848DFB0072FCD2 /* ITexturePool.hpp */ = {isa = PBXFileReference; fileEncoding = 4; lastKnownFileType = sourcecode.cpp.h; path = ITexturePool.hpp; sourceTree = "<group>"; };
		065B909116848DFB0072FCD2 /* IView.hpp */ = {isa = PBXFileReference; fileEncoding = 4; lastKnownFileType = sourcecode.cpp.h; path = IView.hpp; sourceTree = "<group>"; };
		065B909216848DFB0072FCD2 /* IViewMask.hpp */ = {isa = PBXFileReference; fileEncoding = 4; lastKnownFileType = sourcecode.cpp.h; path = IViewMask.hpp; sourceTree = "<group>"; };
		065B909516848DFB0072FCD2 /* PlatformView.cpp */ = {isa = PBXFileReference; fileEncoding = 4; lastKnownFileType = sourcecode.cpp.cpp; path = PlatformView.cpp; sourceTree = "<group>"; };
		065B909616848DFB0072FCD2 /* PlatformView.hpp */ = {isa = PBXFileReference; fileEncoding = 4; lastKnownFileType = sourcecode.cpp.h; path = PlatformView.hpp; sourceTree = "<group>"; };
		065B909816848DFB0072FCD2 /* TextureFrame.cpp */ = {isa = PBXFileReference; fileEncoding = 4; lastKnownFileType = sourcecode.cpp.cpp; path = TextureFrame.cpp; sourceTree = "<group>"; };
		065B909916848DFB0072FCD2 /* TextureFrame.hpp */ = {isa = PBXFileReference; fileEncoding = 4; lastKnownFileType = sourcecode.cpp.h; path = TextureFrame.hpp; sourceTree = "<group>"; };
		065B909A16848DFB0072FCD2 /* Time.cpp */ = {isa = PBXFileReference; fileEncoding = 4; lastKnownFileType = sourcecode.cpp.cpp; path = Time.cpp; sourceTree = "<group>"; };
		065B909B16848DFB0072FCD2 /* Time.hpp */ = {isa = PBXFileReference; fileEncoding = 4; lastKnownFileType = sourcecode.cpp.h; path = Time.hpp; sourceTree = "<group>"; };
		065B909C16848DFB0072FCD2 /* TweenAction.cpp */ = {isa = PBXFileReference; fileEncoding = 4; lastKnownFileType = sourcecode.cpp.cpp; path = TweenAction.cpp; sourceTree = "<group>"; };
		065B909D16848DFB0072FCD2 /* TweenAction.hpp */ = {isa = PBXFileReference; fileEncoding = 4; lastKnownFileType = sourcecode.cpp.h; path = TweenAction.hpp; sourceTree = "<group>"; };
		065B909E16848DFB0072FCD2 /* View.cpp */ = {isa = PBXFileReference; fileEncoding = 4; lastKnownFileType = sourcecode.cpp.cpp; path = View.cpp; sourceTree = "<group>"; };
		065B909F16848DFB0072FCD2 /* View.hpp */ = {isa = PBXFileReference; fileEncoding = 4; lastKnownFileType = sourcecode.cpp.h; path = View.hpp; sourceTree = "<group>"; };
		065B90A016848DFB0072FCD2 /* ViewController.cpp */ = {isa = PBXFileReference; fileEncoding = 4; lastKnownFileType = sourcecode.cpp.cpp; path = ViewController.cpp; sourceTree = "<group>"; };
		065B90A116848DFB0072FCD2 /* ViewController.hpp */ = {isa = PBXFileReference; fileEncoding = 4; lastKnownFileType = sourcecode.cpp.h; path = ViewController.hpp; sourceTree = "<group>"; };
		065B90B11684917F0072FCD2 /* GeometryTest.cpp */ = {isa = PBXFileReference; fileEncoding = 4; lastKnownFileType = sourcecode.cpp.cpp; path = GeometryTest.cpp; sourceTree = "<group>"; };
		065B90B21684917F0072FCD2 /* TimeTest.cpp */ = {isa = PBXFileReference; fileEncoding = 4; lastKnownFileType = sourcecode.cpp.cpp; path = TimeTest.cpp; sourceTree = "<group>"; };
		065B90B9168491B50072FCD2 /* libmvcgraphics.a */ = {isa = PBXFileReference; explicitFileType = archive.ar; includeInIndex = 0; path = libmvcgraphics.a; sourceTree = BUILT_PRODUCTS_DIR; };
		065B90BD168491B60072FCD2 /* mvcgraphics-Prefix.pch */ = {isa = PBXFileReference; lastKnownFileType = sourcecode.c.h; path = "mvcgraphics-Prefix.pch"; sourceTree = "<group>"; };
		065B90BE168491B60072FCD2 /* mvcgraphics.h */ = {isa = PBXFileReference; lastKnownFileType = sourcecode.c.h; path = mvcgraphics.h; sourceTree = "<group>"; };
		065B90C0168491B60072FCD2 /* mvcgraphics.m */ = {isa = PBXFileReference; lastKnownFileType = sourcecode.c.objc; path = mvcgraphics.m; sourceTree = "<group>"; };
/* End PBXFileReference section */

/* Begin PBXFrameworksBuildPhase section */
		065B901116848C720072FCD2 /* Frameworks */ = {
			isa = PBXFrameworksBuildPhase;
			buildActionMask = 2147483647;
			files = (
				065B901916848C720072FCD2 /* UIKit.framework in Frameworks */,
				065B901B16848C720072FCD2 /* Foundation.framework in Frameworks */,
				065B901D16848C720072FCD2 /* CoreGraphics.framework in Frameworks */,
			);
			runOnlyForDeploymentPostprocessing = 0;
		};
		065B903916848D3E0072FCD2 /* Frameworks */ = {
			isa = PBXFrameworksBuildPhase;
			buildActionMask = 2147483647;
			files = (
				065B903E16848D3E0072FCD2 /* CoreFoundation.framework in Frameworks */,
			);
			runOnlyForDeploymentPostprocessing = 0;
		};
		065B90B6168491B50072FCD2 /* Frameworks */ = {
			isa = PBXFrameworksBuildPhase;
			buildActionMask = 2147483647;
			files = (
				065B90BA168491B50072FCD2 /* Foundation.framework in Frameworks */,
			);
			runOnlyForDeploymentPostprocessing = 0;
		};
/* End PBXFrameworksBuildPhase section */

/* Begin PBXGroup section */
		065B900916848C710072FCD2 = {
			isa = PBXGroup;
			children = (
				065B908016848DFB0072FCD2 /* src */,
				065B90B01684917F0072FCD2 /* tests */,
				065B901E16848C720072FCD2 /* TestApp */,
				065B903F16848D3E0072FCD2 /* UnitTests */,
				065B90BB168491B60072FCD2 /* mvcgraphics */,
				065B901716848C720072FCD2 /* Frameworks */,
				065B901516848C720072FCD2 /* Products */,
			);
			sourceTree = "<group>";
		};
		065B901516848C720072FCD2 /* Products */ = {
			isa = PBXGroup;
			children = (
				065B901416848C720072FCD2 /* mvcgraphics.app */,
				065B903C16848D3E0072FCD2 /* UnitTests.bundle */,
				065B90B9168491B50072FCD2 /* libmvcgraphics.a */,
			);
			name = Products;
			sourceTree = "<group>";
		};
		065B901716848C720072FCD2 /* Frameworks */ = {
			isa = PBXGroup;
			children = (
				065B901816848C720072FCD2 /* UIKit.framework */,
				065B901A16848C720072FCD2 /* Foundation.framework */,
				065B901C16848C720072FCD2 /* CoreGraphics.framework */,
				065B903D16848D3E0072FCD2 /* CoreFoundation.framework */,
			);
			name = Frameworks;
			sourceTree = "<group>";
		};
		065B901E16848C720072FCD2 /* TestApp */ = {
			isa = PBXGroup;
			children = (
				065B902716848C720072FCD2 /* AppDelegate.h */,
				065B902816848C720072FCD2 /* AppDelegate.m */,
				065B901F16848C720072FCD2 /* Supporting Files */,
			);
			path = TestApp;
			sourceTree = "<group>";
		};
		065B901F16848C720072FCD2 /* Supporting Files */ = {
			isa = PBXGroup;
			children = (
				065B902016848C720072FCD2 /* mvcgraphics-Info.plist */,
				065B902116848C720072FCD2 /* InfoPlist.strings */,
				065B902416848C720072FCD2 /* main.m */,
				065B902616848C720072FCD2 /* mvcgraphics-Prefix.pch */,
				065B902A16848C720072FCD2 /* Default.png */,
				065B902C16848C720072FCD2 /* Default@2x.png */,
				065B902E16848C720072FCD2 /* Default-568h@2x.png */,
			);
			name = "Supporting Files";
			sourceTree = "<group>";
		};
		065B903F16848D3E0072FCD2 /* UnitTests */ = {
			isa = PBXGroup;
			children = (
				065B904516848D3F0072FCD2 /* UnitTestsProj.xcconfig */,
				065B904616848D3F0072FCD2 /* UnitTestsTarget.xcconfig */,
				065B904716848D3F0072FCD2 /* UnitTests.h */,
				065B904916848D3F0072FCD2 /* UnitTestsPriv.h */,
				065B904A16848D3F0072FCD2 /* UnitTests.cp */,
				065B904016848D3E0072FCD2 /* Supporting Files */,
			);
			path = UnitTests;
			sourceTree = "<group>";
		};
		065B904016848D3E0072FCD2 /* Supporting Files */ = {
			isa = PBXGroup;
			children = (
				065B904116848D3E0072FCD2 /* UnitTests-Info.plist */,
				065B904216848D3E0072FCD2 /* InfoPlist.strings */,
				065B904416848D3E0072FCD2 /* UnitTests-Prefix.pch */,
			);
			name = "Supporting Files";
			sourceTree = "<group>";
		};
		065B908016848DFB0072FCD2 /* src */ = {
			isa = PBXGroup;
			children = (
				065B908116848DFB0072FCD2 /* mvcgraphics */,
			);
			name = src;
			path = ../src;
			sourceTree = "<group>";
		};
		065B908116848DFB0072FCD2 /* mvcgraphics */ = {
			isa = PBXGroup;
			children = (
				065B909316848DFB0072FCD2 /* platform */,
				065B908216848DFB0072FCD2 /* ActionRunner.cpp */,
				065B908316848DFB0072FCD2 /* ActionRunner.hpp */,
				065B908416848DFB0072FCD2 /* Easing.hpp */,
				065B908516848DFB0072FCD2 /* EventEmitter.cpp */,
				065B908616848DFB0072FCD2 /* EventEmitter.hpp */,
				065B908716848DFB0072FCD2 /* Events.cpp */,
				065B908816848DFB0072FCD2 /* Events.hpp */,
				065B908916848DFB0072FCD2 /* Geometry.cpp */,
				065B908A16848DFB0072FCD2 /* Geometry.hpp */,
				065B908B16848DFB0072FCD2 /* IAction.hpp */,
				065B908C16848DFB0072FCD2 /* IResponder.hpp */,
				065B908D16848DFB0072FCD2 /* ISprite.hpp */,
				065B908E16848DFB0072FCD2 /* ISpriteBatch.hpp */,
				065B908F16848DFB0072FCD2 /* ITexture.hpp */,
				065B909016848DFB0072FCD2 /* ITexturePool.hpp */,
				065B909116848DFB0072FCD2 /* IView.hpp */,
				065B909216848DFB0072FCD2 /* IViewMask.hpp */,
				065B909816848DFB0072FCD2 /* TextureFrame.cpp */,
				065B909916848DFB0072FCD2 /* TextureFrame.hpp */,
				065B909A16848DFB0072FCD2 /* Time.cpp */,
				065B909B16848DFB0072FCD2 /* Time.hpp */,
				065B909C16848DFB0072FCD2 /* TweenAction.cpp */,
				065B909D16848DFB0072FCD2 /* TweenAction.hpp */,
				065B909E16848DFB0072FCD2 /* View.cpp */,
				065B909F16848DFB0072FCD2 /* View.hpp */,
				065B90A016848DFB0072FCD2 /* ViewController.cpp */,
				065B90A116848DFB0072FCD2 /* ViewController.hpp */,
			);
			path = mvcgraphics;
			sourceTree = "<group>";
		};
		065B909316848DFB0072FCD2 /* platform */ = {
			isa = PBXGroup;
			children = (
				065B909416848DFB0072FCD2 /* cocos2d-x */,
			);
			path = platform;
			sourceTree = "<group>";
		};
		065B909416848DFB0072FCD2 /* cocos2d-x */ = {
			isa = PBXGroup;
			children = (
				065B909516848DFB0072FCD2 /* PlatformView.cpp */,
				065B909616848DFB0072FCD2 /* PlatformView.hpp */,
			);
			path = "cocos2d-x";
			sourceTree = "<group>";
		};
		065B90B01684917F0072FCD2 /* tests */ = {
			isa = PBXGroup;
			children = (
				065B90B11684917F0072FCD2 /* GeometryTest.cpp */,
				065B90B21684917F0072FCD2 /* TimeTest.cpp */,
			);
			name = tests;
			path = ../tests;
			sourceTree = "<group>";
		};
		065B90BB168491B60072FCD2 /* mvcgraphics */ = {
			isa = PBXGroup;
			children = (
				065B90BE168491B60072FCD2 /* mvcgraphics.h */,
				065B90C0168491B60072FCD2 /* mvcgraphics.m */,
				065B90BC168491B60072FCD2 /* Supporting Files */,
			);
			path = mvcgraphics;
			sourceTree = "<group>";
		};
		065B90BC168491B60072FCD2 /* Supporting Files */ = {
			isa = PBXGroup;
			children = (
				065B90BD168491B60072FCD2 /* mvcgraphics-Prefix.pch */,
			);
			name = "Supporting Files";
			sourceTree = "<group>";
		};
/* End PBXGroup section */

/* Begin PBXHeadersBuildPhase section */
		065B903A16848D3E0072FCD2 /* Headers */ = {
			isa = PBXHeadersBuildPhase;
			buildActionMask = 2147483647;
			files = (
				065B904816848D3F0072FCD2 /* UnitTests.h in Headers */,
			);
			runOnlyForDeploymentPostprocessing = 0;
		};
/* End PBXHeadersBuildPhase section */

/* Begin PBXNativeTarget section */
		065B901316848C720072FCD2 /* TestApp */ = {
			isa = PBXNativeTarget;
			buildConfigurationList = 065B903216848C720072FCD2 /* Build configuration list for PBXNativeTarget "TestApp" */;
			buildPhases = (
				065B901016848C720072FCD2 /* Sources */,
				065B901116848C720072FCD2 /* Frameworks */,
				065B901216848C720072FCD2 /* Resources */,
			);
			buildRules = (
			);
			dependencies = (
			);
			name = TestApp;
			productName = mvcgraphics;
			productReference = 065B901416848C720072FCD2 /* mvcgraphics.app */;
			productType = "com.apple.product-type.application";
		};
		065B903B16848D3E0072FCD2 /* UnitTests */ = {
			isa = PBXNativeTarget;
			buildConfigurationList = 065B904C16848D3F0072FCD2 /* Build configuration list for PBXNativeTarget "UnitTests" */;
			buildPhases = (
				065B903816848D3E0072FCD2 /* Sources */,
				065B903916848D3E0072FCD2 /* Frameworks */,
				065B903A16848D3E0072FCD2 /* Headers */,
			);
			buildRules = (
			);
			dependencies = (
			);
			name = UnitTests;
			productName = UnitTests;
			productReference = 065B903C16848D3E0072FCD2 /* UnitTests.bundle */;
			productType = "com.apple.product-type.bundle";
		};
		065B90B8168491B50072FCD2 /* mvcgraphics */ = {
			isa = PBXNativeTarget;
			buildConfigurationList = 065B90C2168491B60072FCD2 /* Build configuration list for PBXNativeTarget "mvcgraphics" */;
			buildPhases = (
				065B90B5168491B50072FCD2 /* Sources */,
				065B90B6168491B50072FCD2 /* Frameworks */,
				065B90B7168491B50072FCD2 /* CopyFiles */,
			);
			buildRules = (
			);
			dependencies = (
			);
			name = mvcgraphics;
			productName = mvcgraphics;
			productReference = 065B90B9168491B50072FCD2 /* libmvcgraphics.a */;
			productType = "com.apple.product-type.library.static";
		};
/* End PBXNativeTarget section */

/* Begin PBXProject section */
		065B900B16848C710072FCD2 /* Project object */ = {
			isa = PBXProject;
			attributes = {
				LastUpgradeCheck = 0450;
				ORGANIZATIONNAME = "Social Point";
			};
			buildConfigurationList = 065B900E16848C710072FCD2 /* Build configuration list for PBXProject "mvcgraphics" */;
			compatibilityVersion = "Xcode 3.2";
			developmentRegion = English;
			hasScannedForEncodings = 0;
			knownRegions = (
				en,
			);
			mainGroup = 065B900916848C710072FCD2;
			productRefGroup = 065B901516848C720072FCD2 /* Products */;
			projectDirPath = "";
			projectRoot = "";
			targets = (
				065B901316848C720072FCD2 /* TestApp */,
				065B903B16848D3E0072FCD2 /* UnitTests */,
				065B90B8168491B50072FCD2 /* mvcgraphics */,
			);
		};
/* End PBXProject section */

/* Begin PBXResourcesBuildPhase section */
		065B901216848C720072FCD2 /* Resources */ = {
			isa = PBXResourcesBuildPhase;
			buildActionMask = 2147483647;
			files = (
				065B902316848C720072FCD2 /* InfoPlist.strings in Resources */,
				065B902B16848C720072FCD2 /* Default.png in Resources */,
				065B902D16848C720072FCD2 /* Default@2x.png in Resources */,
				065B902F16848C720072FCD2 /* Default-568h@2x.png in Resources */,
			);
			runOnlyForDeploymentPostprocessing = 0;
		};
/* End PBXResourcesBuildPhase section */

/* Begin PBXSourcesBuildPhase section */
		065B901016848C720072FCD2 /* Sources */ = {
			isa = PBXSourcesBuildPhase;
			buildActionMask = 2147483647;
			files = (
				065B902516848C720072FCD2 /* main.m in Sources */,
				065B902916848C720072FCD2 /* AppDelegate.m in Sources */,
			);
			runOnlyForDeploymentPostprocessing = 0;
		};
		065B903816848D3E0072FCD2 /* Sources */ = {
			isa = PBXSourcesBuildPhase;
			buildActionMask = 2147483647;
			files = (
				065B904B16848D3F0072FCD2 /* UnitTests.cp in Sources */,
				065B90B31684917F0072FCD2 /* GeometryTest.cpp in Sources */,
				065B90B41684917F0072FCD2 /* TimeTest.cpp in Sources */,
			);
			runOnlyForDeploymentPostprocessing = 0;
		};
		065B90B5168491B50072FCD2 /* Sources */ = {
			isa = PBXSourcesBuildPhase;
			buildActionMask = 2147483647;
			files = (
				065B90C1168491B60072FCD2 /* mvcgraphics.m in Sources */,
				065B90C5168491D30072FCD2 /* ActionRunner.cpp in Sources */,
				065B90C6168491D30072FCD2 /* EventEmitter.cpp in Sources */,
				065B90C7168491D30072FCD2 /* Events.cpp in Sources */,
				065B90C8168491D30072FCD2 /* Geometry.cpp in Sources */,
				065B90C9168491D30072FCD2 /* PlatformView.cpp in Sources */,
				065B90CA168491D30072FCD2 /* TextureFrame.cpp in Sources */,
				065B90CB168491D30072FCD2 /* Time.cpp in Sources */,
				065B90CC168491D30072FCD2 /* TweenAction.cpp in Sources */,
				065B90CD168491D30072FCD2 /* View.cpp in Sources */,
				065B90CE168491D30072FCD2 /* ViewController.cpp in Sources */,
			);
			runOnlyForDeploymentPostprocessing = 0;
		};
/* End PBXSourcesBuildPhase section */

/* Begin PBXVariantGroup section */
		065B902116848C720072FCD2 /* InfoPlist.strings */ = {
			isa = PBXVariantGroup;
			children = (
				065B902216848C720072FCD2 /* en */,
			);
			name = InfoPlist.strings;
			sourceTree = "<group>";
		};
		065B904216848D3E0072FCD2 /* InfoPlist.strings */ = {
			isa = PBXVariantGroup;
			children = (
				065B904316848D3E0072FCD2 /* en */,
			);
			name = InfoPlist.strings;
			sourceTree = "<group>";
		};
/* End PBXVariantGroup section */

/* Begin XCBuildConfiguration section */
		065B903016848C720072FCD2 /* Debug */ = {
			isa = XCBuildConfiguration;
			buildSettings = {
				ALWAYS_SEARCH_USER_PATHS = NO;
				CLANG_CXX_LANGUAGE_STANDARD = "gnu++0x";
				CLANG_CXX_LIBRARY = "libc++";
				CLANG_WARN_EMPTY_BODY = YES;
				CLANG_WARN__DUPLICATE_METHOD_MATCH = YES;
				"CODE_SIGN_IDENTITY[sdk=iphoneos*]" = "iPhone Developer";
				COPY_PHASE_STRIP = NO;
				GCC_C_LANGUAGE_STANDARD = gnu99;
				GCC_DYNAMIC_NO_PIC = NO;
				GCC_OPTIMIZATION_LEVEL = 0;
				GCC_PREPROCESSOR_DEFINITIONS = (
					"DEBUG=1",
					"$(inherited)",
				);
				GCC_SYMBOLS_PRIVATE_EXTERN = NO;
				GCC_WARN_ABOUT_RETURN_TYPE = YES;
				GCC_WARN_UNINITIALIZED_AUTOS = YES;
				GCC_WARN_UNUSED_VARIABLE = YES;
				IPHONEOS_DEPLOYMENT_TARGET = 6.0;
				ONLY_ACTIVE_ARCH = YES;
				SDKROOT = iphoneos;
				TARGETED_DEVICE_FAMILY = "1,2";
			};
			name = Debug;
		};
		065B903116848C720072FCD2 /* Release */ = {
			isa = XCBuildConfiguration;
			buildSettings = {
				ALWAYS_SEARCH_USER_PATHS = NO;
				CLANG_CXX_LANGUAGE_STANDARD = "gnu++0x";
				CLANG_CXX_LIBRARY = "libc++";
				CLANG_WARN_EMPTY_BODY = YES;
				CLANG_WARN__DUPLICATE_METHOD_MATCH = YES;
				"CODE_SIGN_IDENTITY[sdk=iphoneos*]" = "iPhone Developer";
				COPY_PHASE_STRIP = YES;
				GCC_C_LANGUAGE_STANDARD = gnu99;
				GCC_WARN_ABOUT_RETURN_TYPE = YES;
				GCC_WARN_UNINITIALIZED_AUTOS = YES;
				GCC_WARN_UNUSED_VARIABLE = YES;
				IPHONEOS_DEPLOYMENT_TARGET = 6.0;
				OTHER_CFLAGS = "-DNS_BLOCK_ASSERTIONS=1";
				SDKROOT = iphoneos;
				TARGETED_DEVICE_FAMILY = "1,2";
				VALIDATE_PRODUCT = YES;
			};
			name = Release;
		};
		065B903316848C720072FCD2 /* Debug */ = {
			isa = XCBuildConfiguration;
			buildSettings = {
				GCC_PRECOMPILE_PREFIX_HEADER = YES;
				GCC_PREFIX_HEADER = "mvcgraphics/mvcgraphics-Prefix.pch";
				INFOPLIST_FILE = "mvcgraphics/mvcgraphics-Info.plist";
				PRODUCT_NAME = "$(TARGET_NAME)";
				WRAPPER_EXTENSION = app;
			};
			name = Debug;
		};
		065B903416848C720072FCD2 /* Release */ = {
			isa = XCBuildConfiguration;
			buildSettings = {
				GCC_PRECOMPILE_PREFIX_HEADER = YES;
				GCC_PREFIX_HEADER = "mvcgraphics/mvcgraphics-Prefix.pch";
				INFOPLIST_FILE = "mvcgraphics/mvcgraphics-Info.plist";
				PRODUCT_NAME = "$(TARGET_NAME)";
				WRAPPER_EXTENSION = app;
			};
			name = Release;
		};
		065B904D16848D3F0072FCD2 /* Debug */ = {
			isa = XCBuildConfiguration;
			buildSettings = {
				ARCHS = "$(ARCHS_STANDARD_64_BIT)";
				COMBINE_HIDPI_IMAGES = YES;
				GCC_ENABLE_OBJC_EXCEPTIONS = YES;
				GCC_PRECOMPILE_PREFIX_HEADER = YES;
				GCC_PREFIX_HEADER = "UnitTests/UnitTests-Prefix.pch";
				GCC_WARN_64_TO_32_BIT_CONVERSION = YES;
				INFOPLIST_FILE = "UnitTests/UnitTests-Info.plist";
				MACOSX_DEPLOYMENT_TARGET = 10.7;
				PRODUCT_NAME = "$(TARGET_NAME)";
				SDKROOT = macosx;
			};
			name = Debug;
		};
		065B904E16848D3F0072FCD2 /* Release */ = {
			isa = XCBuildConfiguration;
			buildSettings = {
				ARCHS = "$(ARCHS_STANDARD_64_BIT)";
				COMBINE_HIDPI_IMAGES = YES;
				DEBUG_INFORMATION_FORMAT = "dwarf-with-dsym";
				GCC_ENABLE_OBJC_EXCEPTIONS = YES;
				GCC_PRECOMPILE_PREFIX_HEADER = YES;
				GCC_PREFIX_HEADER = "UnitTests/UnitTests-Prefix.pch";
				GCC_WARN_64_TO_32_BIT_CONVERSION = YES;
				INFOPLIST_FILE = "UnitTests/UnitTests-Info.plist";
				MACOSX_DEPLOYMENT_TARGET = 10.7;
				PRODUCT_NAME = "$(TARGET_NAME)";
				SDKROOT = macosx;
			};
			name = Release;
		};
		065B90C3168491B60072FCD2 /* Debug */ = {
			isa = XCBuildConfiguration;
			buildSettings = {
				DSTROOT = /tmp/mvcgraphics.dst;
				GCC_PRECOMPILE_PREFIX_HEADER = YES;
				GCC_PREFIX_HEADER = "mvcgraphics/mvcgraphics-Prefix.pch";
				OTHER_LDFLAGS = "-ObjC";
				PRODUCT_NAME = "$(TARGET_NAME)";
				SKIP_INSTALL = YES;
			};
			name = Debug;
		};
		065B90C4168491B60072FCD2 /* Release */ = {
			isa = XCBuildConfiguration;
			buildSettings = {
				DSTROOT = /tmp/mvcgraphics.dst;
				GCC_PRECOMPILE_PREFIX_HEADER = YES;
				GCC_PREFIX_HEADER = "mvcgraphics/mvcgraphics-Prefix.pch";
				OTHER_LDFLAGS = "-ObjC";
				PRODUCT_NAME = "$(TARGET_NAME)";
				SKIP_INSTALL = YES;
			};
			name = Release;
		};
/* End XCBuildConfiguration section */

/* Begin XCConfigurationList section */
		065B900E16848C710072FCD2 /* Build configuration list for PBXProject "mvcgraphics" */ = {
			isa = XCConfigurationList;
			buildConfigurations = (
				065B903016848C720072FCD2 /* Debug */,
				065B903116848C720072FCD2 /* Release */,
			);
			defaultConfigurationIsVisible = 0;
			defaultConfigurationName = Release;
		};
		065B903216848C720072FCD2 /* Build configuration list for PBXNativeTarget "TestApp" */ = {
			isa = XCConfigurationList;
			buildConfigurations = (
				065B903316848C720072FCD2 /* Debug */,
				065B903416848C720072FCD2 /* Release */,
			);
			defaultConfigurationIsVisible = 0;
			defaultConfigurationName = Release;
		};
		065B904C16848D3F0072FCD2 /* Build configuration list for PBXNativeTarget "UnitTests" */ = {
			isa = XCConfigurationList;
			buildConfigurations = (
				065B904D16848D3F0072FCD2 /* Debug */,
				065B904E16848D3F0072FCD2 /* Release */,
			);
			defaultConfigurationIsVisible = 0;
			defaultConfigurationName = Release;
		};
		065B90C2168491B60072FCD2 /* Build configuration list for PBXNativeTarget "mvcgraphics" */ = {
			isa = XCConfigurationList;
			buildConfigurations = (
				065B90C3168491B60072FCD2 /* Debug */,
				065B90C4168491B60072FCD2 /* Release */,
			);
			defaultConfigurationIsVisible = 0;
		};
/* End XCConfigurationList section */
	};
	rootObject = 065B900B16848C710072FCD2 /* Project object */;
}
