// !$*UTF8*$!
{
	archiveVersion = 1;
	classes = {
	};
	objectVersion = 46;
	objects = {

/* Begin PBXBuildFile section */
		065B901916848C720072FCD2 /* UIKit.framework in Frameworks */ = {isa = PBXBuildFile; fileRef = 065B901816848C720072FCD2 /* UIKit.framework */; };
		065B901B16848C720072FCD2 /* Foundation.framework in Frameworks */ = {isa = PBXBuildFile; fileRef = 065B901A16848C720072FCD2 /* Foundation.framework */; };
		065B901D16848C720072FCD2 /* CoreGraphics.framework in Frameworks */ = {isa = PBXBuildFile; fileRef = 065B901C16848C720072FCD2 /* CoreGraphics.framework */; };
		065B902316848C720072FCD2 /* InfoPlist.strings in Resources */ = {isa = PBXBuildFile; fileRef = 065B902116848C720072FCD2 /* InfoPlist.strings */; };
		065B902516848C720072FCD2 /* main.m in Sources */ = {isa = PBXBuildFile; fileRef = 065B902416848C720072FCD2 /* main.m */; };
		065B902916848C720072FCD2 /* AppDelegate.m in Sources */ = {isa = PBXBuildFile; fileRef = 065B902816848C720072FCD2 /* AppDelegate.m */; };
		065B902B16848C720072FCD2 /* Default.png in Resources */ = {isa = PBXBuildFile; fileRef = 065B902A16848C720072FCD2 /* Default.png */; };
		065B902D16848C720072FCD2 /* Default@2x.png in Resources */ = {isa = PBXBuildFile; fileRef = 065B902C16848C720072FCD2 /* Default@2x.png */; };
		065B902F16848C720072FCD2 /* Default-568h@2x.png in Resources */ = {isa = PBXBuildFile; fileRef = 065B902E16848C720072FCD2 /* Default-568h@2x.png */; };
		065B90BA168491B50072FCD2 /* Foundation.framework in Frameworks */ = {isa = PBXBuildFile; fileRef = 065B901A16848C720072FCD2 /* Foundation.framework */; };
		065B90BF168491B60072FCD2 /* mvcgraphics.hpp in CopyFiles */ = {isa = PBXBuildFile; fileRef = 065B90BE168491B60072FCD2 /* mvcgraphics.hpp */; };
		065B90C5168491D30072FCD2 /* ActionRunner.cpp in Sources */ = {isa = PBXBuildFile; fileRef = 065B908216848DFB0072FCD2 /* ActionRunner.cpp */; };
		065B90C6168491D30072FCD2 /* EventEmitter.cpp in Sources */ = {isa = PBXBuildFile; fileRef = 065B908516848DFB0072FCD2 /* EventEmitter.cpp */; };
		065B90C7168491D30072FCD2 /* Events.cpp in Sources */ = {isa = PBXBuildFile; fileRef = 065B908716848DFB0072FCD2 /* Events.cpp */; };
		065B90C8168491D30072FCD2 /* Geometry.cpp in Sources */ = {isa = PBXBuildFile; fileRef = 065B908916848DFB0072FCD2 /* Geometry.cpp */; };
		065B90C9168491D30072FCD2 /* PlatformView.cpp in Sources */ = {isa = PBXBuildFile; fileRef = 065B909516848DFB0072FCD2 /* PlatformView.cpp */; };
		065B90CA168491D30072FCD2 /* TextureFrame.cpp in Sources */ = {isa = PBXBuildFile; fileRef = 065B909816848DFB0072FCD2 /* TextureFrame.cpp */; };
		065B90CB168491D30072FCD2 /* Time.cpp in Sources */ = {isa = PBXBuildFile; fileRef = 065B909A16848DFB0072FCD2 /* Time.cpp */; };
		065B90CC168491D30072FCD2 /* TweenAction.cpp in Sources */ = {isa = PBXBuildFile; fileRef = 065B909C16848DFB0072FCD2 /* TweenAction.cpp */; };
		065B90CD168491D30072FCD2 /* View.cpp in Sources */ = {isa = PBXBuildFile; fileRef = 065B909E16848DFB0072FCD2 /* View.cpp */; };
		065B90CE168491D30072FCD2 /* ViewController.cpp in Sources */ = {isa = PBXBuildFile; fileRef = 065B90A016848DFB0072FCD2 /* ViewController.cpp */; };
		065BB0DE1684A1FE0072FCD2 /* main.cpp in Sources */ = {isa = PBXBuildFile; fileRef = 065BB0DD1684A1FE0072FCD2 /* main.cpp */; };
		065BB0E01684A1FE0072FCD2 /* UnitTests.1 in CopyFiles */ = {isa = PBXBuildFile; fileRef = 065BB0DF1684A1FE0072FCD2 /* UnitTests.1 */; };
		065BB10C1684ADCE0072FCD2 /* gtest-all.cc in Sources */ = {isa = PBXBuildFile; fileRef = 065BB1021684ADCE0072FCD2 /* gtest-all.cc */; };
		065BB1171684AF100072FCD2 /* AdapterTest.m in Sources */ = {isa = PBXBuildFile; fileRef = 065BB1161684AF100072FCD2 /* AdapterTest.m */; };
/* End PBXBuildFile section */

/* Begin PBXCopyFilesBuildPhase section */
		065B90B7168491B50072FCD2 /* CopyFiles */ = {
			isa = PBXCopyFilesBuildPhase;
			buildActionMask = 2147483647;
			dstPath = "include/${PRODUCT_NAME}";
			dstSubfolderSpec = 16;
			files = (
				065B90BF168491B60072FCD2 /* mvcgraphics.hpp in CopyFiles */,
			);
			runOnlyForDeploymentPostprocessing = 0;
		};
		065BB0D81684A1FE0072FCD2 /* CopyFiles */ = {
			isa = PBXCopyFilesBuildPhase;
			buildActionMask = 2147483647;
			dstPath = /usr/share/man/man1/;
			dstSubfolderSpec = 0;
			files = (
				065BB0E01684A1FE0072FCD2 /* UnitTests.1 in CopyFiles */,
			);
			runOnlyForDeploymentPostprocessing = 1;
		};
/* End PBXCopyFilesBuildPhase section */

/* Begin PBXFileReference section */
		065B901416848C720072FCD2 /* TestApp.app */ = {isa = PBXFileReference; explicitFileType = wrapper.application; includeInIndex = 0; path = TestApp.app; sourceTree = BUILT_PRODUCTS_DIR; };
		065B901816848C720072FCD2 /* UIKit.framework */ = {isa = PBXFileReference; lastKnownFileType = wrapper.framework; name = UIKit.framework; path = System/Library/Frameworks/UIKit.framework; sourceTree = SDKROOT; };
		065B901A16848C720072FCD2 /* Foundation.framework */ = {isa = PBXFileReference; lastKnownFileType = wrapper.framework; name = Foundation.framework; path = System/Library/Frameworks/Foundation.framework; sourceTree = SDKROOT; };
		065B901C16848C720072FCD2 /* CoreGraphics.framework */ = {isa = PBXFileReference; lastKnownFileType = wrapper.framework; name = CoreGraphics.framework; path = System/Library/Frameworks/CoreGraphics.framework; sourceTree = SDKROOT; };
		065B902016848C720072FCD2 /* TestApp-Info.plist */ = {isa = PBXFileReference; lastKnownFileType = text.plist.xml; path = "TestApp-Info.plist"; sourceTree = "<group>"; };
		065B902216848C720072FCD2 /* en */ = {isa = PBXFileReference; lastKnownFileType = text.plist.strings; name = en; path = en.lproj/InfoPlist.strings; sourceTree = "<group>"; };
		065B902416848C720072FCD2 /* main.m */ = {isa = PBXFileReference; lastKnownFileType = sourcecode.c.objc; path = main.m; sourceTree = "<group>"; };
		065B902716848C720072FCD2 /* AppDelegate.h */ = {isa = PBXFileReference; lastKnownFileType = sourcecode.c.h; path = AppDelegate.h; sourceTree = "<group>"; };
		065B902816848C720072FCD2 /* AppDelegate.m */ = {isa = PBXFileReference; lastKnownFileType = sourcecode.c.objc; path = AppDelegate.m; sourceTree = "<group>"; };
		065B902A16848C720072FCD2 /* Default.png */ = {isa = PBXFileReference; lastKnownFileType = image.png; path = Default.png; sourceTree = "<group>"; };
		065B902C16848C720072FCD2 /* Default@2x.png */ = {isa = PBXFileReference; lastKnownFileType = image.png; path = "Default@2x.png"; sourceTree = "<group>"; };
		065B902E16848C720072FCD2 /* Default-568h@2x.png */ = {isa = PBXFileReference; lastKnownFileType = image.png; path = "Default-568h@2x.png"; sourceTree = "<group>"; };
		065B903D16848D3E0072FCD2 /* CoreFoundation.framework */ = {isa = PBXFileReference; lastKnownFileType = wrapper.framework; name = CoreFoundation.framework; path = System/Library/Frameworks/CoreFoundation.framework; sourceTree = SDKROOT; };
		065B908216848DFB0072FCD2 /* ActionRunner.cpp */ = {isa = PBXFileReference; fileEncoding = 4; lastKnownFileType = sourcecode.cpp.cpp; path = ActionRunner.cpp; sourceTree = "<group>"; };
		065B908316848DFB0072FCD2 /* ActionRunner.hpp */ = {isa = PBXFileReference; fileEncoding = 4; lastKnownFileType = sourcecode.cpp.h; path = ActionRunner.hpp; sourceTree = "<group>"; };
		065B908416848DFB0072FCD2 /* Easing.hpp */ = {isa = PBXFileReference; fileEncoding = 4; lastKnownFileType = sourcecode.cpp.h; path = Easing.hpp; sourceTree = "<group>"; };
		065B908516848DFB0072FCD2 /* EventEmitter.cpp */ = {isa = PBXFileReference; fileEncoding = 4; lastKnownFileType = sourcecode.cpp.cpp; path = EventEmitter.cpp; sourceTree = "<group>"; };
		065B908616848DFB0072FCD2 /* EventEmitter.hpp */ = {isa = PBXFileReference; fileEncoding = 4; lastKnownFileType = sourcecode.cpp.h; path = EventEmitter.hpp; sourceTree = "<group>"; };
		065B908716848DFB0072FCD2 /* Events.cpp */ = {isa = PBXFileReference; fileEncoding = 4; lastKnownFileType = sourcecode.cpp.cpp; path = Events.cpp; sourceTree = "<group>"; };
		065B908816848DFB0072FCD2 /* Events.hpp */ = {isa = PBXFileReference; fileEncoding = 4; lastKnownFileType = sourcecode.cpp.h; path = Events.hpp; sourceTree = "<group>"; };
		065B908916848DFB0072FCD2 /* Geometry.cpp */ = {isa = PBXFileReference; fileEncoding = 4; lastKnownFileType = sourcecode.cpp.cpp; path = Geometry.cpp; sourceTree = "<group>"; };
		065B908A16848DFB0072FCD2 /* Geometry.hpp */ = {isa = PBXFileReference; fileEncoding = 4; lastKnownFileType = sourcecode.cpp.h; path = Geometry.hpp; sourceTree = "<group>"; };
		065B908B16848DFB0072FCD2 /* IAction.hpp */ = {isa = PBXFileReference; fileEncoding = 4; lastKnownFileType = sourcecode.cpp.h; path = IAction.hpp; sourceTree = "<group>"; };
		065B908C16848DFB0072FCD2 /* IResponder.hpp */ = {isa = PBXFileReference; fileEncoding = 4; lastKnownFileType = sourcecode.cpp.h; path = IResponder.hpp; sourceTree = "<group>"; };
		065B908D16848DFB0072FCD2 /* ISprite.hpp */ = {isa = PBXFileReference; fileEncoding = 4; lastKnownFileType = sourcecode.cpp.h; path = ISprite.hpp; sourceTree = "<group>"; };
		065B908E16848DFB0072FCD2 /* ISpriteBatch.hpp */ = {isa = PBXFileReference; fileEncoding = 4; lastKnownFileType = sourcecode.cpp.h; path = ISpriteBatch.hpp; sourceTree = "<group>"; };
		065B908F16848DFB0072FCD2 /* ITexture.hpp */ = {isa = PBXFileReference; fileEncoding = 4; lastKnownFileType = sourcecode.cpp.h; path = ITexture.hpp; sourceTree = "<group>"; };
		065B909016848DFB0072FCD2 /* ITexturePool.hpp */ = {isa = PBXFileReference; fileEncoding = 4; lastKnownFileType = sourcecode.cpp.h; path = ITexturePool.hpp; sourceTree = "<group>"; };
		065B909116848DFB0072FCD2 /* IView.hpp */ = {isa = PBXFileReference; fileEncoding = 4; lastKnownFileType = sourcecode.cpp.h; path = IView.hpp; sourceTree = "<group>"; };
		065B909216848DFB0072FCD2 /* IViewMask.hpp */ = {isa = PBXFileReference; fileEncoding = 4; lastKnownFileType = sourcecode.cpp.h; path = IViewMask.hpp; sourceTree = "<group>"; };
		065B909516848DFB0072FCD2 /* PlatformView.cpp */ = {isa = PBXFileReference; fileEncoding = 4; lastKnownFileType = sourcecode.cpp.cpp; path = PlatformView.cpp; sourceTree = "<group>"; };
		065B909616848DFB0072FCD2 /* PlatformView.hpp */ = {isa = PBXFileReference; fileEncoding = 4; lastKnownFileType = sourcecode.cpp.h; path = PlatformView.hpp; sourceTree = "<group>"; };
		065B909816848DFB0072FCD2 /* TextureFrame.cpp */ = {isa = PBXFileReference; fileEncoding = 4; lastKnownFileType = sourcecode.cpp.cpp; path = TextureFrame.cpp; sourceTree = "<group>"; };
		065B909916848DFB0072FCD2 /* TextureFrame.hpp */ = {isa = PBXFileReference; fileEncoding = 4; lastKnownFileType = sourcecode.cpp.h; path = TextureFrame.hpp; sourceTree = "<group>"; };
		065B909A16848DFB0072FCD2 /* Time.cpp */ = {isa = PBXFileReference; fileEncoding = 4; lastKnownFileType = sourcecode.cpp.cpp; path = Time.cpp; sourceTree = "<group>"; };
		065B909B16848DFB0072FCD2 /* Time.hpp */ = {isa = PBXFileReference; fileEncoding = 4; lastKnownFileType = sourcecode.cpp.h; path = Time.hpp; sourceTree = "<group>"; };
		065B909C16848DFB0072FCD2 /* TweenAction.cpp */ = {isa = PBXFileReference; fileEncoding = 4; lastKnownFileType = sourcecode.cpp.cpp; path = TweenAction.cpp; sourceTree = "<group>"; };
		065B909D16848DFB0072FCD2 /* TweenAction.hpp */ = {isa = PBXFileReference; fileEncoding = 4; lastKnownFileType = sourcecode.cpp.h; path = TweenAction.hpp; sourceTree = "<group>"; };
		065B909E16848DFB0072FCD2 /* View.cpp */ = {isa = PBXFileReference; fileEncoding = 4; lastKnownFileType = sourcecode.cpp.cpp; path = View.cpp; sourceTree = "<group>"; };
		065B909F16848DFB0072FCD2 /* View.hpp */ = {isa = PBXFileReference; fileEncoding = 4; lastKnownFileType = sourcecode.cpp.h; path = View.hpp; sourceTree = "<group>"; };
		065B90A016848DFB0072FCD2 /* ViewController.cpp */ = {isa = PBXFileReference; fileEncoding = 4; lastKnownFileType = sourcecode.cpp.cpp; path = ViewController.cpp; sourceTree = "<group>"; };
		065B90A116848DFB0072FCD2 /* ViewController.hpp */ = {isa = PBXFileReference; fileEncoding = 4; lastKnownFileType = sourcecode.cpp.h; path = ViewController.hpp; sourceTree = "<group>"; };
		065B90B11684917F0072FCD2 /* GeometryTest.cpp */ = {isa = PBXFileReference; fileEncoding = 4; lastKnownFileType = sourcecode.cpp.cpp; path = GeometryTest.cpp; sourceTree = "<group>"; };
		065B90B21684917F0072FCD2 /* TimeTest.cpp */ = {isa = PBXFileReference; fileEncoding = 4; lastKnownFileType = sourcecode.cpp.cpp; path = TimeTest.cpp; sourceTree = "<group>"; };
		065B90B9168491B50072FCD2 /* libmvcgraphics.a */ = {isa = PBXFileReference; explicitFileType = archive.ar; includeInIndex = 0; path = libmvcgraphics.a; sourceTree = BUILT_PRODUCTS_DIR; };
		065B90BE168491B60072FCD2 /* mvcgraphics.hpp */ = {isa = PBXFileReference; lastKnownFileType = sourcecode.cpp.h; path = mvcgraphics.hpp; sourceTree = "<group>"; };
		065BB0D41684A05F0072FCD2 /* tests.hpp */ = {isa = PBXFileReference; fileEncoding = 4; lastKnownFileType = sourcecode.cpp.h; path = tests.hpp; sourceTree = "<group>"; };
		065BB0DA1684A1FE0072FCD2 /* UnitTests */ = {isa = PBXFileReference; explicitFileType = "compiled.mach-o.executable"; includeInIndex = 0; path = UnitTests; sourceTree = BUILT_PRODUCTS_DIR; };
		065BB0DD1684A1FE0072FCD2 /* main.cpp */ = {isa = PBXFileReference; lastKnownFileType = sourcecode.cpp.cpp; path = main.cpp; sourceTree = "<group>"; };
		065BB0DF1684A1FE0072FCD2 /* UnitTests.1 */ = {isa = PBXFileReference; lastKnownFileType = text.man; path = UnitTests.1; sourceTree = "<group>"; };
		065BB1021684ADCE0072FCD2 /* gtest-all.cc */ = {isa = PBXFileReference; fileEncoding = 4; lastKnownFileType = sourcecode.cpp.cpp; path = "gtest-all.cc"; sourceTree = "<group>"; };
		065BB1151684AF100072FCD2 /* AdapterTest.h */ = {isa = PBXFileReference; fileEncoding = 4; lastKnownFileType = sourcecode.c.h; path = AdapterTest.h; sourceTree = "<group>"; };
		065BB1161684AF100072FCD2 /* AdapterTest.m */ = {isa = PBXFileReference; fileEncoding = 4; lastKnownFileType = sourcecode.c.objc; path = AdapterTest.m; sourceTree = "<group>"; };
/* End PBXFileReference section */

/* Begin PBXFrameworksBuildPhase section */
		065B901116848C720072FCD2 /* Frameworks */ = {
			isa = PBXFrameworksBuildPhase;
			buildActionMask = 2147483647;
			files = (
				065B901916848C720072FCD2 /* UIKit.framework in Frameworks */,
				065B901B16848C720072FCD2 /* Foundation.framework in Frameworks */,
				065B901D16848C720072FCD2 /* CoreGraphics.framework in Frameworks */,
			);
			runOnlyForDeploymentPostprocessing = 0;
		};
		065B90B6168491B50072FCD2 /* Frameworks */ = {
			isa = PBXFrameworksBuildPhase;
			buildActionMask = 2147483647;
			files = (
				065B90BA168491B50072FCD2 /* Foundation.framework in Frameworks */,
			);
			runOnlyForDeploymentPostprocessing = 0;
		};
		065BB0D71684A1FE0072FCD2 /* Frameworks */ = {
			isa = PBXFrameworksBuildPhase;
			buildActionMask = 2147483647;
			files = (
			);
			runOnlyForDeploymentPostprocessing = 0;
		};
/* End PBXFrameworksBuildPhase section */

/* Begin PBXGroup section */
		065B900916848C710072FCD2 = {
			isa = PBXGroup;
			children = (
				065BB1001684ADBC0072FCD2 /* lib */,
				065B908016848DFB0072FCD2 /* src */,
				065B90B01684917F0072FCD2 /* tests */,
				065B901E16848C720072FCD2 /* TestApp */,
				065B90BB168491B60072FCD2 /* mvcgraphics */,
				065BB0DC1684A1FE0072FCD2 /* UnitTests */,
				065B901716848C720072FCD2 /* Frameworks */,
				065B901516848C720072FCD2 /* Products */,
			);
			sourceTree = "<group>";
		};
		065B901516848C720072FCD2 /* Products */ = {
			isa = PBXGroup;
			children = (
				065B901416848C720072FCD2 /* TestApp.app */,
				065B90B9168491B50072FCD2 /* libmvcgraphics.a */,
				065BB0DA1684A1FE0072FCD2 /* UnitTests */,
			);
			name = Products;
			sourceTree = "<group>";
		};
		065B901716848C720072FCD2 /* Frameworks */ = {
			isa = PBXGroup;
			children = (
				065B901816848C720072FCD2 /* UIKit.framework */,
				065B901A16848C720072FCD2 /* Foundation.framework */,
				065B901C16848C720072FCD2 /* CoreGraphics.framework */,
				065B903D16848D3E0072FCD2 /* CoreFoundation.framework */,
			);
			name = Frameworks;
			sourceTree = "<group>";
		};
		065B901E16848C720072FCD2 /* TestApp */ = {
			isa = PBXGroup;
			children = (
				065B902716848C720072FCD2 /* AppDelegate.h */,
				065B902816848C720072FCD2 /* AppDelegate.m */,
				065B901F16848C720072FCD2 /* Supporting Files */,
			);
			path = TestApp;
			sourceTree = "<group>";
		};
		065B901F16848C720072FCD2 /* Supporting Files */ = {
			isa = PBXGroup;
			children = (
				065B902016848C720072FCD2 /* TestApp-Info.plist */,
				065B902116848C720072FCD2 /* InfoPlist.strings */,
				065B902416848C720072FCD2 /* main.m */,
				065B902A16848C720072FCD2 /* Default.png */,
				065B902C16848C720072FCD2 /* Default@2x.png */,
				065B902E16848C720072FCD2 /* Default-568h@2x.png */,
			);
			name = "Supporting Files";
			sourceTree = "<group>";
		};
		065B908016848DFB0072FCD2 /* src */ = {
			isa = PBXGroup;
			children = (
				065B908116848DFB0072FCD2 /* mvcgraphics */,
			);
			name = src;
			path = ../../src;
			sourceTree = "<group>";
		};
		065B908116848DFB0072FCD2 /* mvcgraphics */ = {
			isa = PBXGroup;
			children = (
				065B909316848DFB0072FCD2 /* platform */,
				065B908216848DFB0072FCD2 /* ActionRunner.cpp */,
				065B908316848DFB0072FCD2 /* ActionRunner.hpp */,
				065B908416848DFB0072FCD2 /* Easing.hpp */,
				065B908516848DFB0072FCD2 /* EventEmitter.cpp */,
				065B908616848DFB0072FCD2 /* EventEmitter.hpp */,
				065B908716848DFB0072FCD2 /* Events.cpp */,
				065B908816848DFB0072FCD2 /* Events.hpp */,
				065B908916848DFB0072FCD2 /* Geometry.cpp */,
				065B908A16848DFB0072FCD2 /* Geometry.hpp */,
				065B908B16848DFB0072FCD2 /* IAction.hpp */,
				065B908C16848DFB0072FCD2 /* IResponder.hpp */,
				065B908D16848DFB0072FCD2 /* ISprite.hpp */,
				065B908E16848DFB0072FCD2 /* ISpriteBatch.hpp */,
				065B908F16848DFB0072FCD2 /* ITexture.hpp */,
				065B909016848DFB0072FCD2 /* ITexturePool.hpp */,
				065B909116848DFB0072FCD2 /* IView.hpp */,
				065B909216848DFB0072FCD2 /* IViewMask.hpp */,
				065B909816848DFB0072FCD2 /* TextureFrame.cpp */,
				065B909916848DFB0072FCD2 /* TextureFrame.hpp */,
				065B909A16848DFB0072FCD2 /* Time.cpp */,
				065B909B16848DFB0072FCD2 /* Time.hpp */,
				065B909C16848DFB0072FCD2 /* TweenAction.cpp */,
				065B909D16848DFB0072FCD2 /* TweenAction.hpp */,
				065B909E16848DFB0072FCD2 /* View.cpp */,
				065B909F16848DFB0072FCD2 /* View.hpp */,
				065B90A016848DFB0072FCD2 /* ViewController.cpp */,
				065B90A116848DFB0072FCD2 /* ViewController.hpp */,
			);
			path = mvcgraphics;
			sourceTree = "<group>";
		};
		065B909316848DFB0072FCD2 /* platform */ = {
			isa = PBXGroup;
			children = (
				065B909416848DFB0072FCD2 /* cocos2dx */,
			);
			path = platform;
			sourceTree = "<group>";
		};
		065B909416848DFB0072FCD2 /* cocos2dx */ = {
			isa = PBXGroup;
			children = (
				065B909516848DFB0072FCD2 /* PlatformView.cpp */,
				065B909616848DFB0072FCD2 /* PlatformView.hpp */,
			);
			path = cocos2dx;
			sourceTree = "<group>";
		};
		065B90B01684917F0072FCD2 /* tests */ = {
			isa = PBXGroup;
			children = (
				065B90B11684917F0072FCD2 /* GeometryTest.cpp */,
				065B90B21684917F0072FCD2 /* TimeTest.cpp */,
				065BB0D41684A05F0072FCD2 /* tests.hpp */,
			);
			name = tests;
			path = ../../tests;
			sourceTree = "<group>";
		};
		065B90BB168491B60072FCD2 /* mvcgraphics */ = {
			isa = PBXGroup;
			children = (
				065B90BE168491B60072FCD2 /* mvcgraphics.hpp */,
			);
			path = mvcgraphics;
			sourceTree = "<group>";
		};
		065BB0DC1684A1FE0072FCD2 /* UnitTests */ = {
			isa = PBXGroup;
			children = (
				065BB0DD1684A1FE0072FCD2 /* main.cpp */,
				065BB0DF1684A1FE0072FCD2 /* UnitTests.1 */,
				065BB1151684AF100072FCD2 /* AdapterTest.h */,
				065BB1161684AF100072FCD2 /* AdapterTest.m */,
			);
			path = UnitTests;
			sourceTree = "<group>";
		};
		065BB1001684ADBC0072FCD2 /* lib */ = {
			isa = PBXGroup;
			children = (
				065BB1011684ADCE0072FCD2 /* gtest */,
			);
			name = lib;
			sourceTree = "<group>";
		};
		065BB1011684ADCE0072FCD2 /* gtest */ = {
			isa = PBXGroup;
			children = (
				065BB1021684ADCE0072FCD2 /* gtest-all.cc */,
			);
			name = gtest;
			path = ../../lib/googletest/src;
			sourceTree = "<group>";
		};
/* End PBXGroup section */

/* Begin PBXNativeTarget section */
		065B901316848C720072FCD2 /* TestApp */ = {
			isa = PBXNativeTarget;
			buildConfigurationList = 065B903216848C720072FCD2 /* Build configuration list for PBXNativeTarget "TestApp" */;
			buildPhases = (
				065B901016848C720072FCD2 /* Sources */,
				065B901116848C720072FCD2 /* Frameworks */,
				065B901216848C720072FCD2 /* Resources */,
			);
			buildRules = (
			);
			dependencies = (
			);
			name = TestApp;
			productName = mvcgraphics;
			productReference = 065B901416848C720072FCD2 /* TestApp.app */;
			productType = "com.apple.product-type.application";
		};
		065B90B8168491B50072FCD2 /* mvcgraphics */ = {
			isa = PBXNativeTarget;
			buildConfigurationList = 065B90C2168491B60072FCD2 /* Build configuration list for PBXNativeTarget "mvcgraphics" */;
			buildPhases = (
				065B90B5168491B50072FCD2 /* Sources */,
				065B90B6168491B50072FCD2 /* Frameworks */,
				065B90B7168491B50072FCD2 /* CopyFiles */,
			);
			buildRules = (
			);
			dependencies = (
			);
			name = mvcgraphics;
			productName = mvcgraphics;
			productReference = 065B90B9168491B50072FCD2 /* libmvcgraphics.a */;
			productType = "com.apple.product-type.library.static";
		};
		065BB0D91684A1FE0072FCD2 /* UnitTests */ = {
			isa = PBXNativeTarget;
			buildConfigurationList = 065BB0E11684A1FE0072FCD2 /* Build configuration list for PBXNativeTarget "UnitTests" */;
			buildPhases = (
				065BB0D61684A1FE0072FCD2 /* Sources */,
				065BB0D71684A1FE0072FCD2 /* Frameworks */,
				065BB0D81684A1FE0072FCD2 /* CopyFiles */,
			);
			buildRules = (
			);
			dependencies = (
			);
			name = UnitTests;
			productName = UnitTests;
			productReference = 065BB0DA1684A1FE0072FCD2 /* UnitTests */;
			productType = "com.apple.product-type.tool";
		};
/* End PBXNativeTarget section */

/* Begin PBXProject section */
		065B900B16848C710072FCD2 /* Project object */ = {
			isa = PBXProject;
			attributes = {
				LastUpgradeCheck = 0450;
				ORGANIZATIONNAME = "Social Point";
			};
			buildConfigurationList = 065B900E16848C710072FCD2 /* Build configuration list for PBXProject "mvcgraphics" */;
			compatibilityVersion = "Xcode 3.2";
			developmentRegion = English;
			hasScannedForEncodings = 0;
			knownRegions = (
				en,
			);
			mainGroup = 065B900916848C710072FCD2;
			productRefGroup = 065B901516848C720072FCD2 /* Products */;
			projectDirPath = "";
			projectRoot = "";
			targets = (
				065B901316848C720072FCD2 /* TestApp */,
				065B90B8168491B50072FCD2 /* mvcgraphics */,
				065BB0D91684A1FE0072FCD2 /* UnitTests */,
			);
		};
/* End PBXProject section */

/* Begin PBXResourcesBuildPhase section */
		065B901216848C720072FCD2 /* Resources */ = {
			isa = PBXResourcesBuildPhase;
			buildActionMask = 2147483647;
			files = (
				065B902316848C720072FCD2 /* InfoPlist.strings in Resources */,
				065B902B16848C720072FCD2 /* Default.png in Resources */,
				065B902D16848C720072FCD2 /* Default@2x.png in Resources */,
				065B902F16848C720072FCD2 /* Default-568h@2x.png in Resources */,
			);
			runOnlyForDeploymentPostprocessing = 0;
		};
/* End PBXResourcesBuildPhase section */

/* Begin PBXSourcesBuildPhase section */
		065B901016848C720072FCD2 /* Sources */ = {
			isa = PBXSourcesBuildPhase;
			buildActionMask = 2147483647;
			files = (
				065B902516848C720072FCD2 /* main.m in Sources */,
				065B902916848C720072FCD2 /* AppDelegate.m in Sources */,
			);
			runOnlyForDeploymentPostprocessing = 0;
		};
		065B90B5168491B50072FCD2 /* Sources */ = {
			isa = PBXSourcesBuildPhase;
			buildActionMask = 2147483647;
			files = (
				065B90C5168491D30072FCD2 /* ActionRunner.cpp in Sources */,
				065B90C6168491D30072FCD2 /* EventEmitter.cpp in Sources */,
				065B90C7168491D30072FCD2 /* Events.cpp in Sources */,
				065B90C8168491D30072FCD2 /* Geometry.cpp in Sources */,
				065B90C9168491D30072FCD2 /* PlatformView.cpp in Sources */,
				065B90CA168491D30072FCD2 /* TextureFrame.cpp in Sources */,
				065B90CB168491D30072FCD2 /* Time.cpp in Sources */,
				065B90CC168491D30072FCD2 /* TweenAction.cpp in Sources */,
				065B90CD168491D30072FCD2 /* View.cpp in Sources */,
				065B90CE168491D30072FCD2 /* ViewController.cpp in Sources */,
			);
			runOnlyForDeploymentPostprocessing = 0;
		};
		065BB0D61684A1FE0072FCD2 /* Sources */ = {
			isa = PBXSourcesBuildPhase;
			buildActionMask = 2147483647;
			files = (
				065BB0DE1684A1FE0072FCD2 /* main.cpp in Sources */,
				065BB10C1684ADCE0072FCD2 /* gtest-all.cc in Sources */,
				065BB1171684AF100072FCD2 /* AdapterTest.m in Sources */,
			);
			runOnlyForDeploymentPostprocessing = 0;
		};
/* End PBXSourcesBuildPhase section */

/* Begin PBXVariantGroup section */
		065B902116848C720072FCD2 /* InfoPlist.strings */ = {
			isa = PBXVariantGroup;
			children = (
				065B902216848C720072FCD2 /* en */,
			);
			name = InfoPlist.strings;
			sourceTree = "<group>";
		};
/* End PBXVariantGroup section */

/* Begin XCBuildConfiguration section */
		065B903016848C720072FCD2 /* Debug */ = {
			isa = XCBuildConfiguration;
			buildSettings = {
				ALWAYS_SEARCH_USER_PATHS = NO;
				CLANG_CXX_LANGUAGE_STANDARD = "gnu++0x";
				CLANG_CXX_LIBRARY = "libc++";
				CLANG_WARN_EMPTY_BODY = YES;
				CLANG_WARN__DUPLICATE_METHOD_MATCH = YES;
				"CODE_SIGN_IDENTITY[sdk=iphoneos*]" = "iPhone Developer";
				COPY_PHASE_STRIP = NO;
				GCC_C_LANGUAGE_STANDARD = gnu99;
				GCC_DYNAMIC_NO_PIC = NO;
				GCC_OPTIMIZATION_LEVEL = 0;
				GCC_PREPROCESSOR_DEFINITIONS = (
					"DEBUG=1",
					CC_TARGET_OS_IPHONE,
					"$(inherited)",
				);
				GCC_SYMBOLS_PRIVATE_EXTERN = NO;
				GCC_WARN_ABOUT_RETURN_TYPE = YES;
				GCC_WARN_UNINITIALIZED_AUTOS = YES;
				GCC_WARN_UNUSED_VARIABLE = YES;
				HEADER_SEARCH_PATHS = (
					"\"$(SRCROOT)/../../src\"",
					"\"$(SRCROOT)/../../lib/cocos2d-x/cocos2dx\"",
					"\"$(SRCROOT)/../../lib/cocos2d-x/cocos2dx/include\"",
					"\"$(SRCROOT)/../../lib/cocos2d-x/cocos2dx/platform/ios\"",
					"\"$(SRCROOT)/../../lib/cocos2d-x/cocos2dx/kazmath/include\"",
				);
				IPHONEOS_DEPLOYMENT_TARGET = 6.0;
				ONLY_ACTIVE_ARCH = YES;
				SDKROOT = iphoneos;
				TARGETED_DEVICE_FAMILY = "1,2";
			};
			name = Debug;
		};
		065B903116848C720072FCD2 /* Release */ = {
			isa = XCBuildConfiguration;
			buildSettings = {
				ALWAYS_SEARCH_USER_PATHS = NO;
				CLANG_CXX_LANGUAGE_STANDARD = "gnu++0x";
				CLANG_CXX_LIBRARY = "libc++";
				CLANG_WARN_EMPTY_BODY = YES;
				CLANG_WARN__DUPLICATE_METHOD_MATCH = YES;
				"CODE_SIGN_IDENTITY[sdk=iphoneos*]" = "iPhone Developer";
				COPY_PHASE_STRIP = YES;
				GCC_C_LANGUAGE_STANDARD = gnu99;
				GCC_PREPROCESSOR_DEFINITIONS = CC_TARGET_OS_IPHONE;
				GCC_WARN_ABOUT_RETURN_TYPE = YES;
				GCC_WARN_UNINITIALIZED_AUTOS = YES;
				GCC_WARN_UNUSED_VARIABLE = YES;
				HEADER_SEARCH_PATHS = (
					"\"$(SRCROOT)/../../src\"",
					"\"$(SRCROOT)/../../lib/cocos2d-x/cocos2dx\"",
					"\"$(SRCROOT)/../../lib/cocos2d-x/cocos2dx/include\"",
					"\"$(SRCROOT)/../../lib/cocos2d-x/cocos2dx/platform/ios\"",
					"\"$(SRCROOT)/../../lib/cocos2d-x/cocos2dx/kazmath/include\"",
				);
				IPHONEOS_DEPLOYMENT_TARGET = 6.0;
				OTHER_CFLAGS = "-DNS_BLOCK_ASSERTIONS=1";
				SDKROOT = iphoneos;
				TARGETED_DEVICE_FAMILY = "1,2";
				VALIDATE_PRODUCT = YES;
			};
			name = Release;
		};
		065B903316848C720072FCD2 /* Debug */ = {
			isa = XCBuildConfiguration;
			buildSettings = {
				PRODUCT_NAME = "$(TARGET_NAME)";
				WRAPPER_EXTENSION = app;
			};
			name = Debug;
		};
		065B903416848C720072FCD2 /* Release */ = {
			isa = XCBuildConfiguration;
			buildSettings = {
				PRODUCT_NAME = "$(TARGET_NAME)";
				WRAPPER_EXTENSION = app;
			};
			name = Release;
		};
		065B90C3168491B60072FCD2 /* Debug */ = {
			isa = XCBuildConfiguration;
			buildSettings = {
				DSTROOT = /tmp/mvcgraphics.dst;
				OTHER_LDFLAGS = "-ObjC";
				PRODUCT_NAME = "$(TARGET_NAME)";
				SKIP_INSTALL = YES;
			};
			name = Debug;
		};
		065B90C4168491B60072FCD2 /* Release */ = {
			isa = XCBuildConfiguration;
			buildSettings = {
				DSTROOT = /tmp/mvcgraphics.dst;
				OTHER_LDFLAGS = "-ObjC";
				PRODUCT_NAME = "$(TARGET_NAME)";
				SKIP_INSTALL = YES;
			};
			name = Release;
		};
		065BB0E21684A1FE0072FCD2 /* Debug */ = {
			isa = XCBuildConfiguration;
			buildSettings = {
				ARCHS = "$(ARCHS_STANDARD_64_BIT)";
				GCC_ENABLE_OBJC_EXCEPTIONS = YES;
				GCC_PREPROCESSOR_DEFINITIONS = (
					"DEBUG=1",
					CC_TARGET_OS_IPHONE,
					"GTEST_USE_OWN_TR1_TUPLE=1",
					"$(inherited)",
				);
				GCC_WARN_64_TO_32_BIT_CONVERSION = YES;
				MACOSX_DEPLOYMENT_TARGET = 10.7;
				PRODUCT_NAME = "$(TARGET_NAME)";
				SDKROOT = macosx;
				USER_HEADER_SEARCH_PATHS = "\"$(SRCROOT)/../../lib/googletest\" \"$(SRCROOT)/../../lib/googletest/include\"";
			};
			name = Debug;
		};
		065BB0E31684A1FE0072FCD2 /* Release */ = {
			isa = XCBuildConfiguration;
			buildSettings = {
				ARCHS = "$(ARCHS_STANDARD_64_BIT)";
				DEBUG_INFORMATION_FORMAT = "dwarf-with-dsym";
				GCC_ENABLE_OBJC_EXCEPTIONS = YES;
				GCC_PREPROCESSOR_DEFINITIONS = (
					CC_TARGET_OS_IPHONE,
					"GTEST_USE_OWN_TR1_TUPLE=1",
				);
				GCC_WARN_64_TO_32_BIT_CONVERSION = YES;
				MACOSX_DEPLOYMENT_TARGET = 10.7;
				PRODUCT_NAME = "$(TARGET_NAME)";
				SDKROOT = macosx;
				USER_HEADER_SEARCH_PATHS = "\"$(SRCROOT)/../../lib/googletest\" \"$(SRCROOT)/../../lib/googletest/include\"";
			};
			name = Release;
		};
/* End XCBuildConfiguration section */

/* Begin XCConfigurationList section */
		065B900E16848C710072FCD2 /* Build configuration list for PBXProject "mvcgraphics" */ = {
			isa = XCConfigurationList;
			buildConfigurations = (
				065B903016848C720072FCD2 /* Debug */,
				065B903116848C720072FCD2 /* Release */,
			);
			defaultConfigurationIsVisible = 0;
			defaultConfigurationName = Release;
		};
		065B903216848C720072FCD2 /* Build configuration list for PBXNativeTarget "TestApp" */ = {
			isa = XCConfigurationList;
			buildConfigurations = (
				065B903316848C720072FCD2 /* Debug */,
				065B903416848C720072FCD2 /* Release */,
			);
			defaultConfigurationIsVisible = 0;
			defaultConfigurationName = Release;
		};
		065B90C2168491B60072FCD2 /* Build configuration list for PBXNativeTarget "mvcgraphics" */ = {
			isa = XCConfigurationList;
			buildConfigurations = (
				065B90C3168491B60072FCD2 /* Debug */,
				065B90C4168491B60072FCD2 /* Release */,
			);
			defaultConfigurationIsVisible = 0;
			defaultConfigurationName = Release;
		};
		065BB0E11684A1FE0072FCD2 /* Build configuration list for PBXNativeTarget "UnitTests" */ = {
			isa = XCConfigurationList;
			buildConfigurations = (
				065BB0E21684A1FE0072FCD2 /* Debug */,
				065BB0E31684A1FE0072FCD2 /* Release */,
			);
			defaultConfigurationIsVisible = 0;
		};
/* End XCConfigurationList section */
	};
	rootObject = 065B900B16848C710072FCD2 /* Project object */;
}
